<?xml version="1.0" encoding="utf-8"?>
<Project ToolsVersion="4.0" xmlns="http://schemas.microsoft.com/developer/msbuild/2003">
  <ItemGroup>
    <ClCompile Include="App.cpp" />
    <ClCompile Include="app_main.cpp" />
    <ClCompile Include="GlutApp.cpp" />
    <ClCompile Include="TexRect.cpp" />
    <ClCompile Include="AnimatedRect.cpp" />
  </ItemGroup>
  <ItemGroup>
    <ClInclude Include="App.h" />
    <ClInclude Include="GlutApp.h" />
    <ClInclude Include="TexRect.h" />
    <ClInclude Include="freeglut\freeglut.h" />
    <ClInclude Include="AnimatedRect.h" />
  </ItemGroup>
</Project>